// !$*UTF8*$!
{
	archiveVersion = 1;
	classes = {
	};
	objectVersion = 48;
	objects = {

/* Begin PBXBuildFile section */
		003C3BAA20A2EFC600D0EF40 /* AppDelegate.m in Sources */ = {isa = PBXBuildFile; fileRef = 003C3BA920A2EFC600D0EF40 /* AppDelegate.m */; };
		003C3BB220A2EFC600D0EF40 /* Assets.xcassets in Resources */ = {isa = PBXBuildFile; fileRef = 003C3BB120A2EFC600D0EF40 /* Assets.xcassets */; };
		003C3BB820A2EFC600D0EF40 /* main.m in Sources */ = {isa = PBXBuildFile; fileRef = 003C3BB720A2EFC600D0EF40 /* main.m */; };
		003C3BF620A2F03300D0EF40 /* fitpolo705CentralManager.m in Sources */ = {isa = PBXBuildFile; fileRef = 003C3BC720A2F03300D0EF40 /* fitpolo705CentralManager.m */; };
		003C3BF720A2F03300D0EF40 /* fitpolo705Interface+FirmwareUpdate.m in Sources */ = {isa = PBXBuildFile; fileRef = 003C3BCB20A2F03300D0EF40 /* fitpolo705Interface+FirmwareUpdate.m */; };
		003C3BF820A2F03300D0EF40 /* fitpolo705Interface+HeartRate.m in Sources */ = {isa = PBXBuildFile; fileRef = 003C3BCD20A2F03300D0EF40 /* fitpolo705Interface+HeartRate.m */; };
		003C3BF920A2F03300D0EF40 /* fitpolo705Interface+Settings.m in Sources */ = {isa = PBXBuildFile; fileRef = 003C3BCF20A2F03300D0EF40 /* fitpolo705Interface+Settings.m */; };
		003C3BFA20A2F03300D0EF40 /* fitpolo705Interface+StepGauge.m in Sources */ = {isa = PBXBuildFile; fileRef = 003C3BD120A2F03300D0EF40 /* fitpolo705Interface+StepGauge.m */; };
		003C3BFB20A2F03300D0EF40 /* fitpolo705Interface.m in Sources */ = {isa = PBXBuildFile; fileRef = 003C3BD320A2F03300D0EF40 /* fitpolo705Interface.m */; };
		003C3BFC20A2F03300D0EF40 /* fitpolo705LogManager.m in Sources */ = {isa = PBXBuildFile; fileRef = 003C3BD620A2F03300D0EF40 /* fitpolo705LogManager.m */; };
		003C3BFD20A2F03300D0EF40 /* fitpolo705AlarmClockModel.m in Sources */ = {isa = PBXBuildFile; fileRef = 003C3BD920A2F03300D0EF40 /* fitpolo705AlarmClockModel.m */; };
		003C3BFE20A2F03300D0EF40 /* fitpolo705AncsModel.m in Sources */ = {isa = PBXBuildFile; fileRef = 003C3BDB20A2F03300D0EF40 /* fitpolo705AncsModel.m */; };
		003C3BFF20A2F03300D0EF40 /* fitpolo705CustomScreenModel.m in Sources */ = {isa = PBXBuildFile; fileRef = 003C3BDD20A2F03300D0EF40 /* fitpolo705CustomScreenModel.m */; };
		003C3C0020A2F03300D0EF40 /* fitpolo705ScanModel.m in Sources */ = {isa = PBXBuildFile; fileRef = 003C3BDF20A2F03300D0EF40 /* fitpolo705ScanModel.m */; };
		003C3C0120A2F03300D0EF40 /* fitpolo705StatusMonitoringManager.m in Sources */ = {isa = PBXBuildFile; fileRef = 003C3BE220A2F03300D0EF40 /* fitpolo705StatusMonitoringManager.m */; };
		003C3C0220A2F03300D0EF40 /* fitpolo705Parser.m in Sources */ = {isa = PBXBuildFile; fileRef = 003C3BE520A2F03300D0EF40 /* fitpolo705Parser.m */; };
		003C3C0320A2F03300D0EF40 /* fitpolo705PeripheralManager.m in Sources */ = {isa = PBXBuildFile; fileRef = 003C3BE820A2F03300D0EF40 /* fitpolo705PeripheralManager.m */; };
		003C3C0420A2F03300D0EF40 /* fitpolo705DataParser.m in Sources */ = {isa = PBXBuildFile; fileRef = 003C3BEB20A2F03300D0EF40 /* fitpolo705DataParser.m */; };
		003C3C0520A2F03300D0EF40 /* fitpolo705OperationManager.m in Sources */ = {isa = PBXBuildFile; fileRef = 003C3BED20A2F03300D0EF40 /* fitpolo705OperationManager.m */; };
		003C3C0620A2F03300D0EF40 /* fitpolo705TaskOperation.m in Sources */ = {isa = PBXBuildFile; fileRef = 003C3BF020A2F03300D0EF40 /* fitpolo705TaskOperation.m */; };
		003C3C0720A2F03300D0EF40 /* fitpolo705UpgradeManager.m in Sources */ = {isa = PBXBuildFile; fileRef = 003C3BF320A2F03300D0EF40 /* fitpolo705UpgradeManager.m */; };
		003C3C0820A2F03300D0EF40 /* HCKMainViewController.m in Sources */ = {isa = PBXBuildFile; fileRef = 003C3BF520A2F03300D0EF40 /* HCKMainViewController.m */; };
/* End PBXBuildFile section */

/* Begin PBXFileReference section */
		003C3BA520A2EFC600D0EF40 /* fitpolo705SDKDemo.app */ = {isa = PBXFileReference; explicitFileType = wrapper.application; includeInIndex = 0; path = fitpolo705SDKDemo.app; sourceTree = BUILT_PRODUCTS_DIR; };
		003C3BA820A2EFC600D0EF40 /* AppDelegate.h */ = {isa = PBXFileReference; lastKnownFileType = sourcecode.c.h; path = AppDelegate.h; sourceTree = "<group>"; };
		003C3BA920A2EFC600D0EF40 /* AppDelegate.m */ = {isa = PBXFileReference; lastKnownFileType = sourcecode.c.objc; path = AppDelegate.m; sourceTree = "<group>"; };
		003C3BB120A2EFC600D0EF40 /* Assets.xcassets */ = {isa = PBXFileReference; lastKnownFileType = folder.assetcatalog; path = Assets.xcassets; sourceTree = "<group>"; };
		003C3BB620A2EFC600D0EF40 /* Info.plist */ = {isa = PBXFileReference; lastKnownFileType = text.plist.xml; path = Info.plist; sourceTree = "<group>"; };
		003C3BB720A2EFC600D0EF40 /* main.m */ = {isa = PBXFileReference; lastKnownFileType = sourcecode.c.objc; path = main.m; sourceTree = "<group>"; };
		003C3BC020A2F03300D0EF40 /* fitpolo705BlockDefine.h */ = {isa = PBXFileReference; fileEncoding = 4; lastKnownFileType = sourcecode.c.h; path = fitpolo705BlockDefine.h; sourceTree = "<group>"; };
		003C3BC120A2F03300D0EF40 /* fitpolo705ConstDefines.h */ = {isa = PBXFileReference; fileEncoding = 4; lastKnownFileType = sourcecode.c.h; path = fitpolo705ConstDefines.h; sourceTree = "<group>"; };
		003C3BC220A2F03300D0EF40 /* fitpolo705Defines.h */ = {isa = PBXFileReference; fileEncoding = 4; lastKnownFileType = sourcecode.c.h; path = fitpolo705Defines.h; sourceTree = "<group>"; };
		003C3BC320A2F03300D0EF40 /* fitpolo705EnumerateDefine.h */ = {isa = PBXFileReference; fileEncoding = 4; lastKnownFileType = sourcecode.c.h; path = fitpolo705EnumerateDefine.h; sourceTree = "<group>"; };
		003C3BC420A2F03300D0EF40 /* fitpolo705RegularsDefine.h */ = {isa = PBXFileReference; fileEncoding = 4; lastKnownFileType = sourcecode.c.h; path = fitpolo705RegularsDefine.h; sourceTree = "<group>"; };
		003C3BC520A2F03300D0EF40 /* fitpolo705ServiceDefines.h */ = {isa = PBXFileReference; fileEncoding = 4; lastKnownFileType = sourcecode.c.h; path = fitpolo705ServiceDefines.h; sourceTree = "<group>"; };
		003C3BC620A2F03300D0EF40 /* fitpolo705CentralManager.h */ = {isa = PBXFileReference; fileEncoding = 4; lastKnownFileType = sourcecode.c.h; path = fitpolo705CentralManager.h; sourceTree = "<group>"; };
		003C3BC720A2F03300D0EF40 /* fitpolo705CentralManager.m */ = {isa = PBXFileReference; fileEncoding = 4; lastKnownFileType = sourcecode.c.objc; path = fitpolo705CentralManager.m; sourceTree = "<group>"; };
		003C3BC820A2F03300D0EF40 /* fitpolo705SDK.h */ = {isa = PBXFileReference; fileEncoding = 4; lastKnownFileType = sourcecode.c.h; path = fitpolo705SDK.h; sourceTree = "<group>"; };
		003C3BCA20A2F03300D0EF40 /* fitpolo705Interface+FirmwareUpdate.h */ = {isa = PBXFileReference; fileEncoding = 4; lastKnownFileType = sourcecode.c.h; path = "fitpolo705Interface+FirmwareUpdate.h"; sourceTree = "<group>"; };
		003C3BCB20A2F03300D0EF40 /* fitpolo705Interface+FirmwareUpdate.m */ = {isa = PBXFileReference; fileEncoding = 4; lastKnownFileType = sourcecode.c.objc; path = "fitpolo705Interface+FirmwareUpdate.m"; sourceTree = "<group>"; };
		003C3BCC20A2F03300D0EF40 /* fitpolo705Interface+HeartRate.h */ = {isa = PBXFileReference; fileEncoding = 4; lastKnownFileType = sourcecode.c.h; path = "fitpolo705Interface+HeartRate.h"; sourceTree = "<group>"; };
		003C3BCD20A2F03300D0EF40 /* fitpolo705Interface+HeartRate.m */ = {isa = PBXFileReference; fileEncoding = 4; lastKnownFileType = sourcecode.c.objc; path = "fitpolo705Interface+HeartRate.m"; sourceTree = "<group>"; };
		003C3BCE20A2F03300D0EF40 /* fitpolo705Interface+Settings.h */ = {isa = PBXFileReference; fileEncoding = 4; lastKnownFileType = sourcecode.c.h; path = "fitpolo705Interface+Settings.h"; sourceTree = "<group>"; };
		003C3BCF20A2F03300D0EF40 /* fitpolo705Interface+Settings.m */ = {isa = PBXFileReference; fileEncoding = 4; lastKnownFileType = sourcecode.c.objc; path = "fitpolo705Interface+Settings.m"; sourceTree = "<group>"; };
		003C3BD020A2F03300D0EF40 /* fitpolo705Interface+StepGauge.h */ = {isa = PBXFileReference; fileEncoding = 4; lastKnownFileType = sourcecode.c.h; path = "fitpolo705Interface+StepGauge.h"; sourceTree = "<group>"; };
		003C3BD120A2F03300D0EF40 /* fitpolo705Interface+StepGauge.m */ = {isa = PBXFileReference; fileEncoding = 4; lastKnownFileType = sourcecode.c.objc; path = "fitpolo705Interface+StepGauge.m"; sourceTree = "<group>"; };
		003C3BD220A2F03300D0EF40 /* fitpolo705Interface.h */ = {isa = PBXFileReference; fileEncoding = 4; lastKnownFileType = sourcecode.c.h; path = fitpolo705Interface.h; sourceTree = "<group>"; };
		003C3BD320A2F03300D0EF40 /* fitpolo705Interface.m */ = {isa = PBXFileReference; fileEncoding = 4; lastKnownFileType = sourcecode.c.objc; path = fitpolo705Interface.m; sourceTree = "<group>"; };
		003C3BD520A2F03300D0EF40 /* fitpolo705LogManager.h */ = {isa = PBXFileReference; fileEncoding = 4; lastKnownFileType = sourcecode.c.h; path = fitpolo705LogManager.h; sourceTree = "<group>"; };
		003C3BD620A2F03300D0EF40 /* fitpolo705LogManager.m */ = {isa = PBXFileReference; fileEncoding = 4; lastKnownFileType = sourcecode.c.objc; path = fitpolo705LogManager.m; sourceTree = "<group>"; };
		003C3BD820A2F03300D0EF40 /* fitpolo705AlarmClockModel.h */ = {isa = PBXFileReference; fileEncoding = 4; lastKnownFileType = sourcecode.c.h; path = fitpolo705AlarmClockModel.h; sourceTree = "<group>"; };
		003C3BD920A2F03300D0EF40 /* fitpolo705AlarmClockModel.m */ = {isa = PBXFileReference; fileEncoding = 4; lastKnownFileType = sourcecode.c.objc; path = fitpolo705AlarmClockModel.m; sourceTree = "<group>"; };
		003C3BDA20A2F03300D0EF40 /* fitpolo705AncsModel.h */ = {isa = PBXFileReference; fileEncoding = 4; lastKnownFileType = sourcecode.c.h; path = fitpolo705AncsModel.h; sourceTree = "<group>"; };
		003C3BDB20A2F03300D0EF40 /* fitpolo705AncsModel.m */ = {isa = PBXFileReference; fileEncoding = 4; lastKnownFileType = sourcecode.c.objc; path = fitpolo705AncsModel.m; sourceTree = "<group>"; };
		003C3BDC20A2F03300D0EF40 /* fitpolo705CustomScreenModel.h */ = {isa = PBXFileReference; fileEncoding = 4; lastKnownFileType = sourcecode.c.h; path = fitpolo705CustomScreenModel.h; sourceTree = "<group>"; };
		003C3BDD20A2F03300D0EF40 /* fitpolo705CustomScreenModel.m */ = {isa = PBXFileReference; fileEncoding = 4; lastKnownFileType = sourcecode.c.objc; path = fitpolo705CustomScreenModel.m; sourceTree = "<group>"; };
		003C3BDE20A2F03300D0EF40 /* fitpolo705ScanModel.h */ = {isa = PBXFileReference; fileEncoding = 4; lastKnownFileType = sourcecode.c.h; path = fitpolo705ScanModel.h; sourceTree = "<group>"; };
		003C3BDF20A2F03300D0EF40 /* fitpolo705ScanModel.m */ = {isa = PBXFileReference; fileEncoding = 4; lastKnownFileType = sourcecode.c.objc; path = fitpolo705ScanModel.m; sourceTree = "<group>"; };
		003C3BE120A2F03300D0EF40 /* fitpolo705StatusMonitoringManager.h */ = {isa = PBXFileReference; fileEncoding = 4; lastKnownFileType = sourcecode.c.h; path = fitpolo705StatusMonitoringManager.h; sourceTree = "<group>"; };
		003C3BE220A2F03300D0EF40 /* fitpolo705StatusMonitoringManager.m */ = {isa = PBXFileReference; fileEncoding = 4; lastKnownFileType = sourcecode.c.objc; path = fitpolo705StatusMonitoringManager.m; sourceTree = "<group>"; };
		003C3BE420A2F03300D0EF40 /* fitpolo705Parser.h */ = {isa = PBXFileReference; fileEncoding = 4; lastKnownFileType = sourcecode.c.h; path = fitpolo705Parser.h; sourceTree = "<group>"; };
		003C3BE520A2F03300D0EF40 /* fitpolo705Parser.m */ = {isa = PBXFileReference; fileEncoding = 4; lastKnownFileType = sourcecode.c.objc; path = fitpolo705Parser.m; sourceTree = "<group>"; };
		003C3BE720A2F03300D0EF40 /* fitpolo705PeripheralManager.h */ = {isa = PBXFileReference; fileEncoding = 4; lastKnownFileType = sourcecode.c.h; path = fitpolo705PeripheralManager.h; sourceTree = "<group>"; };
		003C3BE820A2F03300D0EF40 /* fitpolo705PeripheralManager.m */ = {isa = PBXFileReference; fileEncoding = 4; lastKnownFileType = sourcecode.c.objc; path = fitpolo705PeripheralManager.m; sourceTree = "<group>"; };
		003C3BEA20A2F03300D0EF40 /* fitpolo705DataParser.h */ = {isa = PBXFileReference; fileEncoding = 4; lastKnownFileType = sourcecode.c.h; path = fitpolo705DataParser.h; sourceTree = "<group>"; };
		003C3BEB20A2F03300D0EF40 /* fitpolo705DataParser.m */ = {isa = PBXFileReference; fileEncoding = 4; lastKnownFileType = sourcecode.c.objc; path = fitpolo705DataParser.m; sourceTree = "<group>"; };
		003C3BEC20A2F03300D0EF40 /* fitpolo705OperationManager.h */ = {isa = PBXFileReference; fileEncoding = 4; lastKnownFileType = sourcecode.c.h; path = fitpolo705OperationManager.h; sourceTree = "<group>"; };
		003C3BED20A2F03300D0EF40 /* fitpolo705OperationManager.m */ = {isa = PBXFileReference; fileEncoding = 4; lastKnownFileType = sourcecode.c.objc; path = fitpolo705OperationManager.m; sourceTree = "<group>"; };
		003C3BEE20A2F03300D0EF40 /* fitpolo705TaskIDDefines.h */ = {isa = PBXFileReference; fileEncoding = 4; lastKnownFileType = sourcecode.c.h; path = fitpolo705TaskIDDefines.h; sourceTree = "<group>"; };
		003C3BEF20A2F03300D0EF40 /* fitpolo705TaskOperation.h */ = {isa = PBXFileReference; fileEncoding = 4; lastKnownFileType = sourcecode.c.h; path = fitpolo705TaskOperation.h; sourceTree = "<group>"; };
		003C3BF020A2F03300D0EF40 /* fitpolo705TaskOperation.m */ = {isa = PBXFileReference; fileEncoding = 4; lastKnownFileType = sourcecode.c.objc; path = fitpolo705TaskOperation.m; sourceTree = "<group>"; };
		003C3BF220A2F03300D0EF40 /* fitpolo705UpgradeManager.h */ = {isa = PBXFileReference; fileEncoding = 4; lastKnownFileType = sourcecode.c.h; path = fitpolo705UpgradeManager.h; sourceTree = "<group>"; };
		003C3BF320A2F03300D0EF40 /* fitpolo705UpgradeManager.m */ = {isa = PBXFileReference; fileEncoding = 4; lastKnownFileType = sourcecode.c.objc; path = fitpolo705UpgradeManager.m; sourceTree = "<group>"; };
		003C3BF420A2F03300D0EF40 /* HCKMainViewController.h */ = {isa = PBXFileReference; fileEncoding = 4; lastKnownFileType = sourcecode.c.h; path = HCKMainViewController.h; sourceTree = "<group>"; };
		003C3BF520A2F03300D0EF40 /* HCKMainViewController.m */ = {isa = PBXFileReference; fileEncoding = 4; lastKnownFileType = sourcecode.c.objc; path = HCKMainViewController.m; sourceTree = "<group>"; };
/* End PBXFileReference section */

/* Begin PBXFrameworksBuildPhase section */
		003C3BA220A2EFC600D0EF40 /* Frameworks */ = {
			isa = PBXFrameworksBuildPhase;
			buildActionMask = 2147483647;
			files = (
			);
			runOnlyForDeploymentPostprocessing = 0;
		};
/* End PBXFrameworksBuildPhase section */

/* Begin PBXGroup section */
		003C3B9C20A2EFC600D0EF40 = {
			isa = PBXGroup;
			children = (
				003C3BA720A2EFC600D0EF40 /* fitpolo705SDKDemo */,
				003C3BA620A2EFC600D0EF40 /* Products */,
			);
			sourceTree = "<group>";
		};
		003C3BA620A2EFC600D0EF40 /* Products */ = {
			isa = PBXGroup;
			children = (
				003C3BA520A2EFC600D0EF40 /* fitpolo705SDKDemo.app */,
			);
			name = Products;
			sourceTree = "<group>";
		};
		003C3BA720A2EFC600D0EF40 /* fitpolo705SDKDemo */ = {
			isa = PBXGroup;
			children = (
				003C3BBE20A2F03300D0EF40 /* fitpolo705SDK */,
				003C3BF420A2F03300D0EF40 /* HCKMainViewController.h */,
				003C3BF520A2F03300D0EF40 /* HCKMainViewController.m */,
				003C3BA820A2EFC600D0EF40 /* AppDelegate.h */,
				003C3BA920A2EFC600D0EF40 /* AppDelegate.m */,
				003C3BB120A2EFC600D0EF40 /* Assets.xcassets */,
				003C3BB620A2EFC600D0EF40 /* Info.plist */,
				003C3BB720A2EFC600D0EF40 /* main.m */,
			);
			path = fitpolo705SDKDemo;
			sourceTree = "<group>";
		};
		003C3BBE20A2F03300D0EF40 /* fitpolo705SDK */ = {
			isa = PBXGroup;
			children = (
				003C3BC820A2F03300D0EF40 /* fitpolo705SDK.h */,
				003C3BBF20A2F03300D0EF40 /* defines */,
				003C3BC620A2F03300D0EF40 /* fitpolo705CentralManager.h */,
				003C3BC720A2F03300D0EF40 /* fitpolo705CentralManager.m */,
				003C3BC920A2F03300D0EF40 /* interface */,
				003C3BD420A2F03300D0EF40 /* log */,
				003C3BD720A2F03300D0EF40 /* Models */,
				003C3BE020A2F03300D0EF40 /* monitoring */,
				003C3BE320A2F03300D0EF40 /* Parser */,
				003C3BE620A2F03300D0EF40 /* peripheralManager */,
				003C3BE920A2F03300D0EF40 /* Tasks */,
				003C3BF120A2F03300D0EF40 /* Upgrade */,
			);
			path = fitpolo705SDK;
			sourceTree = "<group>";
		};
		003C3BBF20A2F03300D0EF40 /* defines */ = {
			isa = PBXGroup;
			children = (
				003C3BC020A2F03300D0EF40 /* fitpolo705BlockDefine.h */,
				003C3BC120A2F03300D0EF40 /* fitpolo705ConstDefines.h */,
				003C3BC220A2F03300D0EF40 /* fitpolo705Defines.h */,
				003C3BC320A2F03300D0EF40 /* fitpolo705EnumerateDefine.h */,
				003C3BC420A2F03300D0EF40 /* fitpolo705RegularsDefine.h */,
				003C3BC520A2F03300D0EF40 /* fitpolo705ServiceDefines.h */,
			);
			path = defines;
			sourceTree = "<group>";
		};
		003C3BC920A2F03300D0EF40 /* interface */ = {
			isa = PBXGroup;
			children = (
				003C3BCA20A2F03300D0EF40 /* fitpolo705Interface+FirmwareUpdate.h */,
				003C3BCB20A2F03300D0EF40 /* fitpolo705Interface+FirmwareUpdate.m */,
				003C3BCC20A2F03300D0EF40 /* fitpolo705Interface+HeartRate.h */,
				003C3BCD20A2F03300D0EF40 /* fitpolo705Interface+HeartRate.m */,
				003C3BCE20A2F03300D0EF40 /* fitpolo705Interface+Settings.h */,
				003C3BCF20A2F03300D0EF40 /* fitpolo705Interface+Settings.m */,
				003C3BD020A2F03300D0EF40 /* fitpolo705Interface+StepGauge.h */,
				003C3BD120A2F03300D0EF40 /* fitpolo705Interface+StepGauge.m */,
				003C3BD220A2F03300D0EF40 /* fitpolo705Interface.h */,
				003C3BD320A2F03300D0EF40 /* fitpolo705Interface.m */,
			);
			path = interface;
			sourceTree = "<group>";
		};
		003C3BD420A2F03300D0EF40 /* log */ = {
			isa = PBXGroup;
			children = (
				003C3BD520A2F03300D0EF40 /* fitpolo705LogManager.h */,
				003C3BD620A2F03300D0EF40 /* fitpolo705LogManager.m */,
			);
			path = log;
			sourceTree = "<group>";
		};
		003C3BD720A2F03300D0EF40 /* Models */ = {
			isa = PBXGroup;
			children = (
				003C3BD820A2F03300D0EF40 /* fitpolo705AlarmClockModel.h */,
				003C3BD920A2F03300D0EF40 /* fitpolo705AlarmClockModel.m */,
				003C3BDA20A2F03300D0EF40 /* fitpolo705AncsModel.h */,
				003C3BDB20A2F03300D0EF40 /* fitpolo705AncsModel.m */,
				003C3BDC20A2F03300D0EF40 /* fitpolo705CustomScreenModel.h */,
				003C3BDD20A2F03300D0EF40 /* fitpolo705CustomScreenModel.m */,
				003C3BDE20A2F03300D0EF40 /* fitpolo705ScanModel.h */,
				003C3BDF20A2F03300D0EF40 /* fitpolo705ScanModel.m */,
			);
			path = Models;
			sourceTree = "<group>";
		};
		003C3BE020A2F03300D0EF40 /* monitoring */ = {
			isa = PBXGroup;
			children = (
				003C3BE120A2F03300D0EF40 /* fitpolo705StatusMonitoringManager.h */,
				003C3BE220A2F03300D0EF40 /* fitpolo705StatusMonitoringManager.m */,
			);
			path = monitoring;
			sourceTree = "<group>";
		};
		003C3BE320A2F03300D0EF40 /* Parser */ = {
			isa = PBXGroup;
			children = (
				003C3BE420A2F03300D0EF40 /* fitpolo705Parser.h */,
				003C3BE520A2F03300D0EF40 /* fitpolo705Parser.m */,
			);
			path = Parser;
			sourceTree = "<group>";
		};
		003C3BE620A2F03300D0EF40 /* peripheralManager */ = {
			isa = PBXGroup;
			children = (
				003C3BE720A2F03300D0EF40 /* fitpolo705PeripheralManager.h */,
				003C3BE820A2F03300D0EF40 /* fitpolo705PeripheralManager.m */,
			);
			path = peripheralManager;
			sourceTree = "<group>";
		};
		003C3BE920A2F03300D0EF40 /* Tasks */ = {
			isa = PBXGroup;
			children = (
				003C3BEA20A2F03300D0EF40 /* fitpolo705DataParser.h */,
				003C3BEB20A2F03300D0EF40 /* fitpolo705DataParser.m */,
				003C3BEC20A2F03300D0EF40 /* fitpolo705OperationManager.h */,
				003C3BED20A2F03300D0EF40 /* fitpolo705OperationManager.m */,
				003C3BEE20A2F03300D0EF40 /* fitpolo705TaskIDDefines.h */,
				003C3BEF20A2F03300D0EF40 /* fitpolo705TaskOperation.h */,
				003C3BF020A2F03300D0EF40 /* fitpolo705TaskOperation.m */,
			);
			path = Tasks;
			sourceTree = "<group>";
		};
		003C3BF120A2F03300D0EF40 /* Upgrade */ = {
			isa = PBXGroup;
			children = (
				003C3BF220A2F03300D0EF40 /* fitpolo705UpgradeManager.h */,
				003C3BF320A2F03300D0EF40 /* fitpolo705UpgradeManager.m */,
			);
			path = Upgrade;
			sourceTree = "<group>";
		};
/* End PBXGroup section */

/* Begin PBXNativeTarget section */
		003C3BA420A2EFC600D0EF40 /* fitpolo705SDKDemo */ = {
			isa = PBXNativeTarget;
			buildConfigurationList = 003C3BBB20A2EFC600D0EF40 /* Build configuration list for PBXNativeTarget "fitpolo705SDKDemo" */;
			buildPhases = (
				003C3BA120A2EFC600D0EF40 /* Sources */,
				003C3BA220A2EFC600D0EF40 /* Frameworks */,
				003C3BA320A2EFC600D0EF40 /* Resources */,
			);
			buildRules = (
			);
			dependencies = (
			);
			name = fitpolo705SDKDemo;
			productName = fitpolo705SDKDemo;
			productReference = 003C3BA520A2EFC600D0EF40 /* fitpolo705SDKDemo.app */;
			productType = "com.apple.product-type.application";
		};
/* End PBXNativeTarget section */

/* Begin PBXProject section */
		003C3B9D20A2EFC600D0EF40 /* Project object */ = {
			isa = PBXProject;
			attributes = {
				LastUpgradeCheck = 0920;
				ORGANIZATIONNAME = HCK;
				TargetAttributes = {
					003C3BA420A2EFC600D0EF40 = {
						CreatedOnToolsVersion = 9.2;
						ProvisioningStyle = Automatic;
					};
				};
			};
			buildConfigurationList = 003C3BA020A2EFC600D0EF40 /* Build configuration list for PBXProject "fitpolo705SDKDemo" */;
			compatibilityVersion = "Xcode 8.0";
			developmentRegion = en;
			hasScannedForEncodings = 0;
			knownRegions = (
				en,
				Base,
			);
			mainGroup = 003C3B9C20A2EFC600D0EF40;
			productRefGroup = 003C3BA620A2EFC600D0EF40 /* Products */;
			projectDirPath = "";
			projectRoot = "";
			targets = (
				003C3BA420A2EFC600D0EF40 /* fitpolo705SDKDemo */,
			);
		};
/* End PBXProject section */

/* Begin PBXResourcesBuildPhase section */
		003C3BA320A2EFC600D0EF40 /* Resources */ = {
			isa = PBXResourcesBuildPhase;
			buildActionMask = 2147483647;
			files = (
				003C3BB220A2EFC600D0EF40 /* Assets.xcassets in Resources */,
			);
			runOnlyForDeploymentPostprocessing = 0;
		};
/* End PBXResourcesBuildPhase section */

/* Begin PBXSourcesBuildPhase section */
		003C3BA120A2EFC600D0EF40 /* Sources */ = {
			isa = PBXSourcesBuildPhase;
			buildActionMask = 2147483647;
			files = (
				003C3C0120A2F03300D0EF40 /* fitpolo705StatusMonitoringManager.m in Sources */,
				003C3C0820A2F03300D0EF40 /* HCKMainViewController.m in Sources */,
				003C3BF720A2F03300D0EF40 /* fitpolo705Interface+FirmwareUpdate.m in Sources */,
				003C3C0520A2F03300D0EF40 /* fitpolo705OperationManager.m in Sources */,
				003C3C0420A2F03300D0EF40 /* fitpolo705DataParser.m in Sources */,
				003C3BF620A2F03300D0EF40 /* fitpolo705CentralManager.m in Sources */,
				003C3C0220A2F03300D0EF40 /* fitpolo705Parser.m in Sources */,
				003C3BFB20A2F03300D0EF40 /* fitpolo705Interface.m in Sources */,
				003C3BB820A2EFC600D0EF40 /* main.m in Sources */,
				003C3BF820A2F03300D0EF40 /* fitpolo705Interface+HeartRate.m in Sources */,
				003C3BFD20A2F03300D0EF40 /* fitpolo705AlarmClockModel.m in Sources */,
				003C3C0320A2F03300D0EF40 /* fitpolo705PeripheralManager.m in Sources */,
				003C3BFE20A2F03300D0EF40 /* fitpolo705AncsModel.m in Sources */,
				003C3C0020A2F03300D0EF40 /* fitpolo705ScanModel.m in Sources */,
				003C3BFA20A2F03300D0EF40 /* fitpolo705Interface+StepGauge.m in Sources */,
				003C3BAA20A2EFC600D0EF40 /* AppDelegate.m in Sources */,
				003C3BFF20A2F03300D0EF40 /* fitpolo705CustomScreenModel.m in Sources */,
				003C3BFC20A2F03300D0EF40 /* fitpolo705LogManager.m in Sources */,
				003C3C0720A2F03300D0EF40 /* fitpolo705UpgradeManager.m in Sources */,
				003C3C0620A2F03300D0EF40 /* fitpolo705TaskOperation.m in Sources */,
				003C3BF920A2F03300D0EF40 /* fitpolo705Interface+Settings.m in Sources */,
			);
			runOnlyForDeploymentPostprocessing = 0;
		};
/* End PBXSourcesBuildPhase section */

/* Begin XCBuildConfiguration section */
		003C3BB920A2EFC600D0EF40 /* Debug */ = {
			isa = XCBuildConfiguration;
			buildSettings = {
				ALWAYS_SEARCH_USER_PATHS = NO;
				CLANG_ANALYZER_NONNULL = YES;
				CLANG_ANALYZER_NUMBER_OBJECT_CONVERSION = YES_AGGRESSIVE;
				CLANG_CXX_LANGUAGE_STANDARD = "gnu++14";
				CLANG_CXX_LIBRARY = "libc++";
				CLANG_ENABLE_MODULES = YES;
				CLANG_ENABLE_OBJC_ARC = YES;
				CLANG_WARN_BLOCK_CAPTURE_AUTORELEASING = YES;
				CLANG_WARN_BOOL_CONVERSION = YES;
				CLANG_WARN_COMMA = YES;
				CLANG_WARN_CONSTANT_CONVERSION = YES;
				CLANG_WARN_DIRECT_OBJC_ISA_USAGE = YES_ERROR;
				CLANG_WARN_DOCUMENTATION_COMMENTS = YES;
				CLANG_WARN_EMPTY_BODY = YES;
				CLANG_WARN_ENUM_CONVERSION = YES;
				CLANG_WARN_INFINITE_RECURSION = YES;
				CLANG_WARN_INT_CONVERSION = YES;
				CLANG_WARN_NON_LITERAL_NULL_CONVERSION = YES;
				CLANG_WARN_OBJC_LITERAL_CONVERSION = YES;
				CLANG_WARN_OBJC_ROOT_CLASS = YES_ERROR;
				CLANG_WARN_RANGE_LOOP_ANALYSIS = YES;
				CLANG_WARN_STRICT_PROTOTYPES = YES;
				CLANG_WARN_SUSPICIOUS_MOVE = YES;
				CLANG_WARN_UNGUARDED_AVAILABILITY = YES_AGGRESSIVE;
				CLANG_WARN_UNREACHABLE_CODE = YES;
				CLANG_WARN__DUPLICATE_METHOD_MATCH = YES;
				CODE_SIGN_IDENTITY = "iPhone Developer";
				COPY_PHASE_STRIP = NO;
				DEBUG_INFORMATION_FORMAT = dwarf;
				ENABLE_STRICT_OBJC_MSGSEND = YES;
				ENABLE_TESTABILITY = YES;
				GCC_C_LANGUAGE_STANDARD = gnu11;
				GCC_DYNAMIC_NO_PIC = NO;
				GCC_NO_COMMON_BLOCKS = YES;
				GCC_OPTIMIZATION_LEVEL = 0;
				GCC_PREPROCESSOR_DEFINITIONS = (
					"DEBUG=1",
					"$(inherited)",
				);
				GCC_WARN_64_TO_32_BIT_CONVERSION = YES;
				GCC_WARN_ABOUT_RETURN_TYPE = YES_ERROR;
				GCC_WARN_UNDECLARED_SELECTOR = YES;
				GCC_WARN_UNINITIALIZED_AUTOS = YES_AGGRESSIVE;
				GCC_WARN_UNUSED_FUNCTION = YES;
				GCC_WARN_UNUSED_VARIABLE = YES;
				IPHONEOS_DEPLOYMENT_TARGET = 11.2;
				MTL_ENABLE_DEBUG_INFO = YES;
				ONLY_ACTIVE_ARCH = YES;
				SDKROOT = iphoneos;
			};
			name = Debug;
		};
		003C3BBA20A2EFC600D0EF40 /* Release */ = {
			isa = XCBuildConfiguration;
			buildSettings = {
				ALWAYS_SEARCH_USER_PATHS = NO;
				CLANG_ANALYZER_NONNULL = YES;
				CLANG_ANALYZER_NUMBER_OBJECT_CONVERSION = YES_AGGRESSIVE;
				CLANG_CXX_LANGUAGE_STANDARD = "gnu++14";
				CLANG_CXX_LIBRARY = "libc++";
				CLANG_ENABLE_MODULES = YES;
				CLANG_ENABLE_OBJC_ARC = YES;
				CLANG_WARN_BLOCK_CAPTURE_AUTORELEASING = YES;
				CLANG_WARN_BOOL_CONVERSION = YES;
				CLANG_WARN_COMMA = YES;
				CLANG_WARN_CONSTANT_CONVERSION = YES;
				CLANG_WARN_DIRECT_OBJC_ISA_USAGE = YES_ERROR;
				CLANG_WARN_DOCUMENTATION_COMMENTS = YES;
				CLANG_WARN_EMPTY_BODY = YES;
				CLANG_WARN_ENUM_CONVERSION = YES;
				CLANG_WARN_INFINITE_RECURSION = YES;
				CLANG_WARN_INT_CONVERSION = YES;
				CLANG_WARN_NON_LITERAL_NULL_CONVERSION = YES;
				CLANG_WARN_OBJC_LITERAL_CONVERSION = YES;
				CLANG_WARN_OBJC_ROOT_CLASS = YES_ERROR;
				CLANG_WARN_RANGE_LOOP_ANALYSIS = YES;
				CLANG_WARN_STRICT_PROTOTYPES = YES;
				CLANG_WARN_SUSPICIOUS_MOVE = YES;
				CLANG_WARN_UNGUARDED_AVAILABILITY = YES_AGGRESSIVE;
				CLANG_WARN_UNREACHABLE_CODE = YES;
				CLANG_WARN__DUPLICATE_METHOD_MATCH = YES;
				CODE_SIGN_IDENTITY = "iPhone Developer";
				COPY_PHASE_STRIP = NO;
				DEBUG_INFORMATION_FORMAT = "dwarf-with-dsym";
				ENABLE_NS_ASSERTIONS = NO;
				ENABLE_STRICT_OBJC_MSGSEND = YES;
				GCC_C_LANGUAGE_STANDARD = gnu11;
				GCC_NO_COMMON_BLOCKS = YES;
				GCC_WARN_64_TO_32_BIT_CONVERSION = YES;
				GCC_WARN_ABOUT_RETURN_TYPE = YES_ERROR;
				GCC_WARN_UNDECLARED_SELECTOR = YES;
				GCC_WARN_UNINITIALIZED_AUTOS = YES_AGGRESSIVE;
				GCC_WARN_UNUSED_FUNCTION = YES;
				GCC_WARN_UNUSED_VARIABLE = YES;
				IPHONEOS_DEPLOYMENT_TARGET = 11.2;
				MTL_ENABLE_DEBUG_INFO = NO;
				SDKROOT = iphoneos;
				VALIDATE_PRODUCT = YES;
			};
			name = Release;
		};
		003C3BBC20A2EFC600D0EF40 /* Debug */ = {
			isa = XCBuildConfiguration;
			buildSettings = {
				ASSETCATALOG_COMPILER_APPICON_NAME = AppIcon;
				CODE_SIGN_STYLE = Automatic;
				DEVELOPMENT_TEAM = TYTPVLJ5LD;
				INFOPLIST_FILE = fitpolo705SDKDemo/Info.plist;
				IPHONEOS_DEPLOYMENT_TARGET = 8.0;
				LD_RUNPATH_SEARCH_PATHS = "$(inherited) @executable_path/Frameworks";
				PRODUCT_BUNDLE_IDENTIFIER = com.moko.fitpolo705SDKDemo;
				PRODUCT_NAME = "$(TARGET_NAME)";
				TARGETED_DEVICE_FAMILY = 1;
			};
			name = Debug;
		};
		003C3BBD20A2EFC600D0EF40 /* Release */ = {
			isa = XCBuildConfiguration;
			buildSettings = {
				ASSETCATALOG_COMPILER_APPICON_NAME = AppIcon;
				CODE_SIGN_STYLE = Automatic;
				DEVELOPMENT_TEAM = TYTPVLJ5LD;
				INFOPLIST_FILE = fitpolo705SDKDemo/Info.plist;
				IPHONEOS_DEPLOYMENT_TARGET = 8.0;
				LD_RUNPATH_SEARCH_PATHS = "$(inherited) @executable_path/Frameworks";
				PRODUCT_BUNDLE_IDENTIFIER = com.moko.fitpolo705SDKDemo;
				PRODUCT_NAME = "$(TARGET_NAME)";
				TARGETED_DEVICE_FAMILY = 1;
			};
			name = Release;
		};
/* End XCBuildConfiguration section */

/* Begin XCConfigurationList section */
		003C3BA020A2EFC600D0EF40 /* Build configuration list for PBXProject "fitpolo705SDKDemo" */ = {
			isa = XCConfigurationList;
			buildConfigurations = (
				003C3BB920A2EFC600D0EF40 /* Debug */,
				003C3BBA20A2EFC600D0EF40 /* Release */,
			);
			defaultConfigurationIsVisible = 0;
			defaultConfigurationName = Release;
		};
		003C3BBB20A2EFC600D0EF40 /* Build configuration list for PBXNativeTarget "fitpolo705SDKDemo" */ = {
			isa = XCConfigurationList;
			buildConfigurations = (
				003C3BBC20A2EFC600D0EF40 /* Debug */,
				003C3BBD20A2EFC600D0EF40 /* Release */,
			);
			defaultConfigurationIsVisible = 0;
			defaultConfigurationName = Release;
		};
/* End XCConfigurationList section */
	};
	rootObject = 003C3B9D20A2EFC600D0EF40 /* Project object */;
}
